
Microsoft Visual Studio Solution File, Format Version 12.00
# Visual Studio 15
VisualStudioVersion = 15.0.27520.0
MinimumVisualStudioVersion = 10.0.40219.1
Project("{9A19103F-16F7-4668-BE54-9A1E7A4F7556}") = "checklist", "checklist\checklist.csproj", "{6FB72A7A-CC19-49A2-9FBB-4FCC47AA2A73}"
EndProject
Project("{FAE04EC0-301F-11D3-BF4B-00C04F79EFBC}") = "BusinessEngine", "BusinessEngine\BusinessEngine.csproj", "{6C941255-014B-4EC6-8AC7-67DC89ED8E17}"
EndProject
Project("{FAE04EC0-301F-11D3-BF4B-00C04F79EFBC}") = "Data", "Data\Data.csproj", "{2F2CAC35-A419-4759-8954-C981F0B02F30}"
EndProject
Project("{FAE04EC0-301F-11D3-BF4B-00C04F79EFBC}") = "ModbusCom", "ModbusCom\ModbusCom.csproj", "{D8CE2003-C3DF-43B6-AB58-81DED8134813}"
EndProject
Project("{FAE04EC0-301F-11D3-BF4B-00C04F79EFBC}") = "Domain", "Domain\Domain.csproj", "{537C375C-BC14-4D24-953F-5344C25ACF64}"
EndProject
Global
	GlobalSection(SolutionConfigurationPlatforms) = preSolution
		Debug|Any CPU = Debug|Any CPU
		Release|Any CPU = Release|Any CPU
	EndGlobalSection
	GlobalSection(ProjectConfigurationPlatforms) = postSolution
		{6FB72A7A-CC19-49A2-9FBB-4FCC47AA2A73}.Debug|Any CPU.ActiveCfg = Debug|Any CPU
		{6FB72A7A-CC19-49A2-9FBB-4FCC47AA2A73}.Debug|Any CPU.Build.0 = Debug|Any CPU
		{6FB72A7A-CC19-49A2-9FBB-4FCC47AA2A73}.Release|Any CPU.ActiveCfg = Release|Any CPU
		{6FB72A7A-CC19-49A2-9FBB-4FCC47AA2A73}.Release|Any CPU.Build.0 = Release|Any CPU
		{6C941255-014B-4EC6-8AC7-67DC89ED8E17}.Debug|Any CPU.ActiveCfg = Debug|Any CPU
		{6C941255-014B-4EC6-8AC7-67DC89ED8E17}.Debug|Any CPU.Build.0 = Debug|Any CPU
		{6C941255-014B-4EC6-8AC7-67DC89ED8E17}.Release|Any CPU.ActiveCfg = Release|Any CPU
		{6C941255-014B-4EC6-8AC7-67DC89ED8E17}.Release|Any CPU.Build.0 = Release|Any CPU
		{2F2CAC35-A419-4759-8954-C981F0B02F30}.Debug|Any CPU.ActiveCfg = Debug|Any CPU
		{2F2CAC35-A419-4759-8954-C981F0B02F30}.Debug|Any CPU.Build.0 = Debug|Any CPU
		{2F2CAC35-A419-4759-8954-C981F0B02F30}.Release|Any CPU.ActiveCfg = Release|Any CPU
		{2F2CAC35-A419-4759-8954-C981F0B02F30}.Release|Any CPU.Build.0 = Release|Any CPU
		{D8CE2003-C3DF-43B6-AB58-81DED8134813}.Debug|Any CPU.ActiveCfg = Debug|Any CPU
		{D8CE2003-C3DF-43B6-AB58-81DED8134813}.Debug|Any CPU.Build.0 = Debug|Any CPU
		{D8CE2003-C3DF-43B6-AB58-81DED8134813}.Release|Any CPU.ActiveCfg = Release|Any CPU
		{D8CE2003-C3DF-43B6-AB58-81DED8134813}.Release|Any CPU.Build.0 = Release|Any CPU
		{537C375C-BC14-4D24-953F-5344C25ACF64}.Debug|Any CPU.ActiveCfg = Debug|Any CPU
		{537C375C-BC14-4D24-953F-5344C25ACF64}.Debug|Any CPU.Build.0 = Debug|Any CPU
		{537C375C-BC14-4D24-953F-5344C25ACF64}.Release|Any CPU.ActiveCfg = Release|Any CPU
		{537C375C-BC14-4D24-953F-5344C25ACF64}.Release|Any CPU.Build.0 = Release|Any CPU
	EndGlobalSection
	GlobalSection(SolutionProperties) = preSolution
		HideSolutionNode = FALSE
	EndGlobalSection
	GlobalSection(ExtensibilityGlobals) = postSolution
		SolutionGuid = {7CC1C33C-1C8C-4812-9091-7092EA71A761}
	EndGlobalSection
EndGlobal
